
Microsoft Visual Studio Solution File, Format Version 12.00
# Visual Studio Version 16
VisualStudioVersion = 16.0.30907.101
MinimumVisualStudioVersion = 10.0.40219.1
Project("{FAE04EC0-301F-11D3-BF4B-00C04F79EFBC}") = "PredictionSampleML", "PredictionSampleML\PredictionSampleML.csproj", "{501DD7F8-DE52-4D35-9E68-7AD4E4B2C67D}"
EndProject
Global
	GlobalSection(SolutionConfigurationPlatforms) = preSolution
		Debug|Any CPU = Debug|Any CPU
		Release|Any CPU = Release|Any CPU
	EndGlobalSection
	GlobalSection(ProjectConfigurationPlatforms) = postSolution
		{501DD7F8-DE52-4D35-9E68-7AD4E4B2C67D}.Debug|Any CPU.ActiveCfg = Debug|Any CPU
		{501DD7F8-DE52-4D35-9E68-7AD4E4B2C67D}.Debug|Any CPU.Build.0 = Debug|Any CPU
		{501DD7F8-DE52-4D35-9E68-7AD4E4B2C67D}.Release|Any CPU.ActiveCfg = Release|Any CPU
		{501DD7F8-DE52-4D35-9E68-7AD4E4B2C67D}.Release|Any CPU.Build.0 = Release|Any CPU
	EndGlobalSection
	GlobalSection(SolutionProperties) = preSolution
		HideSolutionNode = FALSE
	EndGlobalSection
	GlobalSection(ExtensibilityGlobals) = postSolution
		SolutionGuid = {5D4F0E88-CE1E-4416-ABD1-BF59E1AA4B1C}
	EndGlobalSection
EndGlobal
